
Microsoft Visual Studio Solution File, Format Version 12.00
# Visual Studio 15
VisualStudioVersion = 15.0.28010.2036
MinimumVisualStudioVersion = 10.0.40219.1
Project("{8BC9CEB8-8B4A-11D0-8D11-00A0C91BC942}") = "Stout_Russell_PA2", "Stout_Russell_PA2\Stout_Russell_PA2.vcxproj", "{6B37E30E-D096-4D25-90AB-BFCC1B8FC264}"
EndProject
Global
	GlobalSection(SolutionConfigurationPlatforms) = preSolution
		Debug|x64 = Debug|x64
		Debug|x86 = Debug|x86
		Release|x64 = Release|x64
		Release|x86 = Release|x86
	EndGlobalSection
	GlobalSection(ProjectConfigurationPlatforms) = postSolution
		{6B37E30E-D096-4D25-90AB-BFCC1B8FC264}.Debug|x64.ActiveCfg = Debug|x64
		{6B37E30E-D096-4D25-90AB-BFCC1B8FC264}.Debug|x64.Build.0 = Debug|x64
		{6B37E30E-D096-4D25-90AB-BFCC1B8FC264}.Debug|x86.ActiveCfg = Debug|Win32
		{6B37E30E-D096-4D25-90AB-BFCC1B8FC264}.Debug|x86.Build.0 = Debug|Win32
		{6B37E30E-D096-4D25-90AB-BFCC1B8FC264}.Release|x64.ActiveCfg = Release|x64
		{6B37E30E-D096-4D25-90AB-BFCC1B8FC264}.Release|x64.Build.0 = Release|x64
		{6B37E30E-D096-4D25-90AB-BFCC1B8FC264}.Release|x86.ActiveCfg = Release|Win32
		{6B37E30E-D096-4D25-90AB-BFCC1B8FC264}.Release|x86.Build.0 = Release|Win32
	EndGlobalSection
	GlobalSection(SolutionProperties) = preSolution
		HideSolutionNode = FALSE
	EndGlobalSection
	GlobalSection(ExtensibilityGlobals) = postSolution
		SolutionGuid = {770A509A-0BA7-4728-A517-8F615231D851}
	EndGlobalSection
EndGlobal
